
Microsoft Visual Studio Solution File, Format Version 12.00
# Visual Studio Version 17
VisualStudioVersion = 17.11.35222.181
MinimumVisualStudioVersion = 10.0.40219.1
Project("{FAE04EC0-301F-11D3-BF4B-00C04F79EFBC}") = "EmlakOtomasyonu", "EmlakOtomasyonu\EmlakOtomasyonu.csproj", "{B015B1A5-E551-4FE3-959C-BE614AE11816}"
EndProject
Global
	GlobalSection(SolutionConfigurationPlatforms) = preSolution
		Debug|Any CPU = Debug|Any CPU
		Release|Any CPU = Release|Any CPU
	EndGlobalSection
	GlobalSection(ProjectConfigurationPlatforms) = postSolution
		{B015B1A5-E551-4FE3-959C-BE614AE11816}.Debug|Any CPU.ActiveCfg = Debug|Any CPU
		{B015B1A5-E551-4FE3-959C-BE614AE11816}.Debug|Any CPU.Build.0 = Debug|Any CPU
		{B015B1A5-E551-4FE3-959C-BE614AE11816}.Release|Any CPU.ActiveCfg = Release|Any CPU
		{B015B1A5-E551-4FE3-959C-BE614AE11816}.Release|Any CPU.Build.0 = Release|Any CPU
	EndGlobalSection
	GlobalSection(SolutionProperties) = preSolution
		HideSolutionNode = FALSE
	EndGlobalSection
	GlobalSection(ExtensibilityGlobals) = postSolution
		SolutionGuid = {D47C5FA4-CB9D-4E3B-B833-690F32E6E662}
	EndGlobalSection
EndGlobal
